# This file is generated by running "yarn install" inside your project.
# Manual changes might be lost - proceed with caution!

__metadata:
  version: 8
  cacheKey: 10c0

"@mwstack/auth@workspace:.":
  version: 0.0.0-use.local
  resolution: "@mwstack/auth@workspace:."
  dependencies:
    "@types/react": "npm:^19.2.14"
    react: "npm:^19.2.4"
    react-dom: "npm:^19.2.4"
    react-router-dom: "npm:^7.13.2"
    typescript: "npm:^6.0.2"
  peerDependencies:
    react: ^19.2.4
    react-dom: ^19.2.4
    react-router-dom: ^7.13.2
  languageName: unknown
  linkType: soft

"@types/react@npm:^19.2.14":
  version: 19.2.14
  resolution: "@types/react@npm:19.2.14"
  dependencies:
    csstype: "npm:^3.2.2"
  checksum: 10c0/7d25bf41b57719452d86d2ac0570b659210402707313a36ee612666bf11275a1c69824f8c3ee1fdca077ccfe15452f6da8f1224529b917050eb2d861e52b59b7
  languageName: node
  linkType: hard

"cookie@npm:^1.0.1":
  version: 1.1.1
  resolution: "cookie@npm:1.1.1"
  checksum: 10c0/79c4ddc0fcad9c4f045f826f42edf54bcc921a29586a4558b0898277fa89fb47be95bc384c2253f493af7b29500c830da28341274527328f18eba9f58afa112c
  languageName: node
  linkType: hard

"csstype@npm:^3.2.2":
  version: 3.2.3
  resolution: "csstype@npm:3.2.3"
  checksum: 10c0/cd29c51e70fa822f1cecd8641a1445bed7063697469d35633b516e60fe8c1bde04b08f6c5b6022136bb669b64c63d4173af54864510fbb4ee23281801841a3ce
  languageName: node
  linkType: hard

"react-dom@npm:^19.2.4":
  version: 19.2.4
  resolution: "react-dom@npm:19.2.4"
  dependencies:
    scheduler: "npm:^0.27.0"
  peerDependencies:
    react: ^19.2.4
  checksum: 10c0/f0c63f1794dedb154136d4d0f59af00b41907f4859571c155940296808f4b94bf9c0c20633db75b5b2112ec13d8d7dd4f9bf57362ed48782f317b11d05a44f35
  languageName: node
  linkType: hard

"react-router-dom@npm:^7.13.2":
  version: 7.13.2
  resolution: "react-router-dom@npm:7.13.2"
  dependencies:
    react-router: "npm:7.13.2"
  peerDependencies:
    react: ">=18"
    react-dom: ">=18"
  checksum: 10c0/ce9e5d47ba8accb7aa40272f83a98c3372634d0216ec92c8b20d52765ca62db06b4fde5284a4bd37cef2279b9767a45927f3b074e74e2c9b462c8599427bbfef
  languageName: node
  linkType: hard

"react-router@npm:7.13.2":
  version: 7.13.2
  resolution: "react-router@npm:7.13.2"
  dependencies:
    cookie: "npm:^1.0.1"
    set-cookie-parser: "npm:^2.6.0"
  peerDependencies:
    react: ">=18"
    react-dom: ">=18"
  peerDependenciesMeta:
    react-dom:
      optional: true
  checksum: 10c0/c7620565df0b444507cfceb76733adbd26e28a72fc4d52d344190bcb2e6483427313a3b6076c53d362e2682ccdb1262731bcaa6c3577cbbeea130291a38715f1
  languageName: node
  linkType: hard

"react@npm:^19.2.4":
  version: 19.2.4
  resolution: "react@npm:19.2.4"
  checksum: 10c0/cd2c9ff67a720799cc3b38a516009986f7fc4cb8d3e15716c6211cf098d1357ee3e348ab05ad0600042bbb0fd888530ba92e329198c92eafa0994f5213396596
  languageName: node
  linkType: hard

"scheduler@npm:^0.27.0":
  version: 0.27.0
  resolution: "scheduler@npm:0.27.0"
  checksum: 10c0/4f03048cb05a3c8fddc45813052251eca00688f413a3cee236d984a161da28db28ba71bd11e7a3dd02f7af84ab28d39fb311431d3b3772fed557945beb00c452
  languageName: node
  linkType: hard

"set-cookie-parser@npm:^2.6.0":
  version: 2.7.2
  resolution: "set-cookie-parser@npm:2.7.2"
  checksum: 10c0/4381a9eb7ee951dfe393fe7aacf76b9a3b4e93a684d2162ab35594fa4053cc82a4d7d7582bf397718012c9adcf839b8cd8f57c6c42901ea9effe33c752da4a45
  languageName: node
  linkType: hard

"typescript@npm:^6.0.2":
  version: 6.0.2
  resolution: "typescript@npm:6.0.2"
  bin:
    tsc: bin/tsc
    tsserver: bin/tsserver
  checksum: 10c0/4b860b0bf87cc0fee0f66d8ef2640b5a8a8a8c74d1129adb82e389e5f97124383823c47946bef8a73ede371461143a3aa8544399d2133c7b2e4f07e81860af7f
  languageName: node
  linkType: hard

"typescript@patch:typescript@npm%3A^6.0.2#optional!builtin<compat/typescript>":
  version: 6.0.2
  resolution: "typescript@patch:typescript@npm%3A6.0.2#optional!builtin<compat/typescript>::version=6.0.2&hash=5786d5"
  bin:
    tsc: bin/tsc
    tsserver: bin/tsserver
  checksum: 10c0/49f0b84fc6ca55653e77752b8a61beabc09ee3dae5d965c31596225aa6ef213c5727b1d2e895b900416dc603854ba0872ac4a812c2a4ed6793a601f9c675de02
  languageName: node
  linkType: hard
